// !$*UTF8*$!
{
	archiveVersion = 1;
	classes = {
	};
	objectVersion = 51;
	objects = {

/* Begin PBXBuildFile section */
		D62184778CAB1CCF051989A4 /* Pods_Apple_Music_Swiftbook.framework in Frameworks */ = {isa = PBXBuildFile; fileRef = F652A24CE3B86A8D745541CB /* Pods_Apple_Music_Swiftbook.framework */; };
		F01B4F3922E4F88C00E6E942 /* AlbumCell.xib in Resources */ = {isa = PBXBuildFile; fileRef = F01B4F3822E4F88C00E6E942 /* AlbumCell.xib */; };
		F01B4F3B22E4F89300E6E942 /* AlbumCell.swift in Sources */ = {isa = PBXBuildFile; fileRef = F01B4F3A22E4F89300E6E942 /* AlbumCell.swift */; };
		F01DB58422E4995C00D25DA7 /* TrackCell.xib in Resources */ = {isa = PBXBuildFile; fileRef = F01DB58322E4995C00D25DA7 /* TrackCell.xib */; };
		F01DB58622E4996600D25DA7 /* TrackCell.swift in Sources */ = {isa = PBXBuildFile; fileRef = F01DB58522E4996600D25DA7 /* TrackCell.swift */; };
		F0870CC922E0F44900662E44 /* SearchResults.swift in Sources */ = {isa = PBXBuildFile; fileRef = F0870CC822E0F44900662E44 /* SearchResults.swift */; };
		F0870CCD22E3384300662E44 /* NetworkService.swift in Sources */ = {isa = PBXBuildFile; fileRef = F0870CCC22E3384300662E44 /* NetworkService.swift */; };
		F0DD1BEC22DF3CA900DCD102 /* AppDelegate.swift in Sources */ = {isa = PBXBuildFile; fileRef = F0DD1BEB22DF3CA900DCD102 /* AppDelegate.swift */; };
		F0DD1BEE22DF3CA900DCD102 /* SceneDelegate.swift in Sources */ = {isa = PBXBuildFile; fileRef = F0DD1BED22DF3CA900DCD102 /* SceneDelegate.swift */; };
		F0DD1BF022DF3CA900DCD102 /* ViewController.swift in Sources */ = {isa = PBXBuildFile; fileRef = F0DD1BEF22DF3CA900DCD102 /* ViewController.swift */; };
		F0DD1BF322DF3CA900DCD102 /* Main.storyboard in Resources */ = {isa = PBXBuildFile; fileRef = F0DD1BF122DF3CA900DCD102 /* Main.storyboard */; };
		F0DD1BF522DF3CAB00DCD102 /* Assets.xcassets in Resources */ = {isa = PBXBuildFile; fileRef = F0DD1BF422DF3CAB00DCD102 /* Assets.xcassets */; };
		F0DD1BF822DF3CAB00DCD102 /* LaunchScreen.storyboard in Resources */ = {isa = PBXBuildFile; fileRef = F0DD1BF622DF3CAB00DCD102 /* LaunchScreen.storyboard */; };
		F0DD1C0022DF3F0400DCD102 /* MainTabBarController.swift in Sources */ = {isa = PBXBuildFile; fileRef = F0DD1BFF22DF3F0400DCD102 /* MainTabBarController.swift */; };
		F0DD1C0222DF4D5C00DCD102 /* MusicSearchController.swift in Sources */ = {isa = PBXBuildFile; fileRef = F0DD1C0122DF4D5C00DCD102 /* MusicSearchController.swift */; };
/* End PBXBuildFile section */

/* Begin PBXFileReference section */
		227B93BCCACFF39DDBBBEECF /* Pods-Apple Music Swiftbook.release.xcconfig */ = {isa = PBXFileReference; includeInIndex = 1; lastKnownFileType = text.xcconfig; name = "Pods-Apple Music Swiftbook.release.xcconfig"; path = "Target Support Files/Pods-Apple Music Swiftbook/Pods-Apple Music Swiftbook.release.xcconfig"; sourceTree = "<group>"; };
		838C0ECFCA560CA5B3432749 /* Pods-Apple Music Swiftbook.debug.xcconfig */ = {isa = PBXFileReference; includeInIndex = 1; lastKnownFileType = text.xcconfig; name = "Pods-Apple Music Swiftbook.debug.xcconfig"; path = "Target Support Files/Pods-Apple Music Swiftbook/Pods-Apple Music Swiftbook.debug.xcconfig"; sourceTree = "<group>"; };
		F01B4F3822E4F88C00E6E942 /* AlbumCell.xib */ = {isa = PBXFileReference; lastKnownFileType = file.xib; path = AlbumCell.xib; sourceTree = "<group>"; };
		F01B4F3A22E4F89300E6E942 /* AlbumCell.swift */ = {isa = PBXFileReference; lastKnownFileType = sourcecode.swift; path = AlbumCell.swift; sourceTree = "<group>"; };
		F01DB58322E4995C00D25DA7 /* TrackCell.xib */ = {isa = PBXFileReference; lastKnownFileType = file.xib; path = TrackCell.xib; sourceTree = "<group>"; };
		F01DB58522E4996600D25DA7 /* TrackCell.swift */ = {isa = PBXFileReference; lastKnownFileType = sourcecode.swift; path = TrackCell.swift; sourceTree = "<group>"; };
		F0870CC822E0F44900662E44 /* SearchResults.swift */ = {isa = PBXFileReference; fileEncoding = 4; lastKnownFileType = sourcecode.swift; path = SearchResults.swift; sourceTree = "<group>"; };
		F0870CCC22E3384300662E44 /* NetworkService.swift */ = {isa = PBXFileReference; lastKnownFileType = sourcecode.swift; path = NetworkService.swift; sourceTree = "<group>"; };
		F0DD1BE822DF3CA900DCD102 /* Apple Music Swiftbook.app */ = {isa = PBXFileReference; explicitFileType = wrapper.application; includeInIndex = 0; path = "Apple Music Swiftbook.app"; sourceTree = BUILT_PRODUCTS_DIR; };
		F0DD1BEB22DF3CA900DCD102 /* AppDelegate.swift */ = {isa = PBXFileReference; lastKnownFileType = sourcecode.swift; path = AppDelegate.swift; sourceTree = "<group>"; };
		F0DD1BED22DF3CA900DCD102 /* SceneDelegate.swift */ = {isa = PBXFileReference; lastKnownFileType = sourcecode.swift; path = SceneDelegate.swift; sourceTree = "<group>"; };
		F0DD1BEF22DF3CA900DCD102 /* ViewController.swift */ = {isa = PBXFileReference; lastKnownFileType = sourcecode.swift; path = ViewController.swift; sourceTree = "<group>"; };
		F0DD1BF222DF3CA900DCD102 /* Base */ = {isa = PBXFileReference; lastKnownFileType = file.storyboard; name = Base; path = Base.lproj/Main.storyboard; sourceTree = "<group>"; };
		F0DD1BF422DF3CAB00DCD102 /* Assets.xcassets */ = {isa = PBXFileReference; lastKnownFileType = folder.assetcatalog; path = Assets.xcassets; sourceTree = "<group>"; };
		F0DD1BF722DF3CAB00DCD102 /* Base */ = {isa = PBXFileReference; lastKnownFileType = file.storyboard; name = Base; path = Base.lproj/LaunchScreen.storyboard; sourceTree = "<group>"; };
		F0DD1BF922DF3CAB00DCD102 /* Info.plist */ = {isa = PBXFileReference; lastKnownFileType = text.plist.xml; path = Info.plist; sourceTree = "<group>"; };
		F0DD1BFF22DF3F0400DCD102 /* MainTabBarController.swift */ = {isa = PBXFileReference; lastKnownFileType = sourcecode.swift; path = MainTabBarController.swift; sourceTree = "<group>"; };
		F0DD1C0122DF4D5C00DCD102 /* MusicSearchController.swift */ = {isa = PBXFileReference; lastKnownFileType = sourcecode.swift; path = MusicSearchController.swift; sourceTree = "<group>"; };
		F652A24CE3B86A8D745541CB /* Pods_Apple_Music_Swiftbook.framework */ = {isa = PBXFileReference; explicitFileType = wrapper.framework; includeInIndex = 0; path = Pods_Apple_Music_Swiftbook.framework; sourceTree = BUILT_PRODUCTS_DIR; };
/* End PBXFileReference section */

/* Begin PBXFrameworksBuildPhase section */
		F0DD1BE522DF3CA900DCD102 /* Frameworks */ = {
			isa = PBXFrameworksBuildPhase;
			buildActionMask = 2147483647;
			files = (
				D62184778CAB1CCF051989A4 /* Pods_Apple_Music_Swiftbook.framework in Frameworks */,
			);
			runOnlyForDeploymentPostprocessing = 0;
		};
/* End PBXFrameworksBuildPhase section */

/* Begin PBXGroup section */
		229BE32EFAA9120132FAC41A /* Pods */ = {
			isa = PBXGroup;
			children = (
				838C0ECFCA560CA5B3432749 /* Pods-Apple Music Swiftbook.debug.xcconfig */,
				227B93BCCACFF39DDBBBEECF /* Pods-Apple Music Swiftbook.release.xcconfig */,
			);
			path = Pods;
			sourceTree = "<group>";
		};
		66333A7094E8DF5C2981ECD4 /* Frameworks */ = {
			isa = PBXGroup;
			children = (
				F652A24CE3B86A8D745541CB /* Pods_Apple_Music_Swiftbook.framework */,
			);
			name = Frameworks;
			sourceTree = "<group>";
		};
		F01B4F3722E4F86D00E6E942 /* AlbumCell */ = {
			isa = PBXGroup;
			children = (
				F01B4F3822E4F88C00E6E942 /* AlbumCell.xib */,
				F01B4F3A22E4F89300E6E942 /* AlbumCell.swift */,
			);
			path = AlbumCell;
			sourceTree = "<group>";
		};
		F01DB58222E4993200D25DA7 /* TrackCell */ = {
			isa = PBXGroup;
			children = (
				F01DB58322E4995C00D25DA7 /* TrackCell.xib */,
				F01DB58522E4996600D25DA7 /* TrackCell.swift */,
			);
			path = TrackCell;
			sourceTree = "<group>";
		};
		F0870CCA22E337A400662E44 /* Services */ = {
			isa = PBXGroup;
			children = (
				F0870CCB22E337AF00662E44 /* Models */,
				F0870CCC22E3384300662E44 /* NetworkService.swift */,
			);
			path = Services;
			sourceTree = "<group>";
		};
		F0870CCB22E337AF00662E44 /* Models */ = {
			isa = PBXGroup;
			children = (
				F0870CC822E0F44900662E44 /* SearchResults.swift */,
			);
			path = Models;
			sourceTree = "<group>";
		};
		F0DD1BDF22DF3CA900DCD102 = {
			isa = PBXGroup;
			children = (
				F0DD1BEA22DF3CA900DCD102 /* Apple Music Swiftbook */,
				F0DD1BE922DF3CA900DCD102 /* Products */,
				229BE32EFAA9120132FAC41A /* Pods */,
				66333A7094E8DF5C2981ECD4 /* Frameworks */,
			);
			sourceTree = "<group>";
		};
		F0DD1BE922DF3CA900DCD102 /* Products */ = {
			isa = PBXGroup;
			children = (
				F0DD1BE822DF3CA900DCD102 /* Apple Music Swiftbook.app */,
			);
			name = Products;
			sourceTree = "<group>";
		};
		F0DD1BEA22DF3CA900DCD102 /* Apple Music Swiftbook */ = {
			isa = PBXGroup;
			children = (
				F0DD1BEB22DF3CA900DCD102 /* AppDelegate.swift */,
				F0DD1BED22DF3CA900DCD102 /* SceneDelegate.swift */,
				F0870CCA22E337A400662E44 /* Services */,
				F0DD1C0322DF4E9600DCD102 /* Search */,
				F0DD1BEF22DF3CA900DCD102 /* ViewController.swift */,
				F0DD1BFF22DF3F0400DCD102 /* MainTabBarController.swift */,
				F0DD1BF122DF3CA900DCD102 /* Main.storyboard */,
				F0DD1BF422DF3CAB00DCD102 /* Assets.xcassets */,
				F0DD1BF622DF3CAB00DCD102 /* LaunchScreen.storyboard */,
				F0DD1BF922DF3CAB00DCD102 /* Info.plist */,
			);
			path = "Apple Music Swiftbook";
			sourceTree = "<group>";
		};
		F0DD1C0322DF4E9600DCD102 /* Search */ = {
			isa = PBXGroup;
			children = (
				F01B4F3722E4F86D00E6E942 /* AlbumCell */,
				F01DB58222E4993200D25DA7 /* TrackCell */,
				F0DD1C0122DF4D5C00DCD102 /* MusicSearchController.swift */,
			);
			path = Search;
			sourceTree = "<group>";
		};
/* End PBXGroup section */

/* Begin PBXNativeTarget section */
		F0DD1BE722DF3CA900DCD102 /* Apple Music Swiftbook */ = {
			isa = PBXNativeTarget;
			buildConfigurationList = F0DD1BFC22DF3CAB00DCD102 /* Build configuration list for PBXNativeTarget "Apple Music Swiftbook" */;
			buildPhases = (
				370BC954BD79BE908E91DFA8 /* [CP] Check Pods Manifest.lock */,
				F0DD1BE422DF3CA900DCD102 /* Sources */,
				F0DD1BE522DF3CA900DCD102 /* Frameworks */,
				F0DD1BE622DF3CA900DCD102 /* Resources */,
				D5387D3B22C77993F5B9F3BD /* [CP] Embed Pods Frameworks */,
			);
			buildRules = (
			);
			dependencies = (
			);
			name = "Apple Music Swiftbook";
			productName = "Apple Music Swiftbook";
			productReference = F0DD1BE822DF3CA900DCD102 /* Apple Music Swiftbook.app */;
			productType = "com.apple.product-type.application";
		};
/* End PBXNativeTarget section */

/* Begin PBXProject section */
		F0DD1BE022DF3CA900DCD102 /* Project object */ = {
			isa = PBXProject;
			attributes = {
				LastSwiftUpdateCheck = 1100;
				LastUpgradeCheck = 1100;
				ORGANIZATIONNAME = "Алексей Пархоменко";
				TargetAttributes = {
					F0DD1BE722DF3CA900DCD102 = {
						CreatedOnToolsVersion = 11.0;
					};
				};
			};
			buildConfigurationList = F0DD1BE322DF3CA900DCD102 /* Build configuration list for PBXProject "Apple Music Swiftbook" */;
			compatibilityVersion = "Xcode 9.3";
			developmentRegion = en;
			hasScannedForEncodings = 0;
			knownRegions = (
				en,
				Base,
			);
			mainGroup = F0DD1BDF22DF3CA900DCD102;
			productRefGroup = F0DD1BE922DF3CA900DCD102 /* Products */;
			projectDirPath = "";
			projectRoot = "";
			targets = (
				F0DD1BE722DF3CA900DCD102 /* Apple Music Swiftbook */,
			);
		};
/* End PBXProject section */

/* Begin PBXResourcesBuildPhase section */
		F0DD1BE622DF3CA900DCD102 /* Resources */ = {
			isa = PBXResourcesBuildPhase;
			buildActionMask = 2147483647;
			files = (
				F0DD1BF822DF3CAB00DCD102 /* LaunchScreen.storyboard in Resources */,
				F0DD1BF522DF3CAB00DCD102 /* Assets.xcassets in Resources */,
				F01B4F3922E4F88C00E6E942 /* AlbumCell.xib in Resources */,
				F0DD1BF322DF3CA900DCD102 /* Main.storyboard in Resources */,
				F01DB58422E4995C00D25DA7 /* TrackCell.xib in Resources */,
			);
			runOnlyForDeploymentPostprocessing = 0;
		};
/* End PBXResourcesBuildPhase section */

/* Begin PBXShellScriptBuildPhase section */
		370BC954BD79BE908E91DFA8 /* [CP] Check Pods Manifest.lock */ = {
			isa = PBXShellScriptBuildPhase;
			buildActionMask = 2147483647;
			files = (
			);
			inputFileListPaths = (
			);
			inputPaths = (
				"${PODS_PODFILE_DIR_PATH}/Podfile.lock",
				"${PODS_ROOT}/Manifest.lock",
			);
			name = "[CP] Check Pods Manifest.lock";
			outputFileListPaths = (
			);
			outputPaths = (
				"$(DERIVED_FILE_DIR)/Pods-Apple Music Swiftbook-checkManifestLockResult.txt",
			);
			runOnlyForDeploymentPostprocessing = 0;
			shellPath = /bin/sh;
			shellScript = "diff \"${PODS_PODFILE_DIR_PATH}/Podfile.lock\" \"${PODS_ROOT}/Manifest.lock\" > /dev/null\nif [ $? != 0 ] ; then\n    # print error to STDERR\n    echo \"error: The sandbox is not in sync with the Podfile.lock. Run 'pod install' or update your CocoaPods installation.\" >&2\n    exit 1\nfi\n# This output is used by Xcode 'outputs' to avoid re-running this script phase.\necho \"SUCCESS\" > \"${SCRIPT_OUTPUT_FILE_0}\"\n";
			showEnvVarsInLog = 0;
		};
		D5387D3B22C77993F5B9F3BD /* [CP] Embed Pods Frameworks */ = {
			isa = PBXShellScriptBuildPhase;
			buildActionMask = 2147483647;
			files = (
			);
			inputFileListPaths = (
				"${PODS_ROOT}/Target Support Files/Pods-Apple Music Swiftbook/Pods-Apple Music Swiftbook-frameworks-${CONFIGURATION}-input-files.xcfilelist",
			);
			name = "[CP] Embed Pods Frameworks";
			outputFileListPaths = (
				"${PODS_ROOT}/Target Support Files/Pods-Apple Music Swiftbook/Pods-Apple Music Swiftbook-frameworks-${CONFIGURATION}-output-files.xcfilelist",
			);
			runOnlyForDeploymentPostprocessing = 0;
			shellPath = /bin/sh;
			shellScript = "\"${PODS_ROOT}/Target Support Files/Pods-Apple Music Swiftbook/Pods-Apple Music Swiftbook-frameworks.sh\"\n";
			showEnvVarsInLog = 0;
		};
/* End PBXShellScriptBuildPhase section */

/* Begin PBXSourcesBuildPhase section */
		F0DD1BE422DF3CA900DCD102 /* Sources */ = {
			isa = PBXSourcesBuildPhase;
			buildActionMask = 2147483647;
			files = (
				F0DD1C0222DF4D5C00DCD102 /* MusicSearchController.swift in Sources */,
				F0870CC922E0F44900662E44 /* SearchResults.swift in Sources */,
				F0DD1BF022DF3CA900DCD102 /* ViewController.swift in Sources */,
				F0DD1BEC22DF3CA900DCD102 /* AppDelegate.swift in Sources */,
				F0DD1C0022DF3F0400DCD102 /* MainTabBarController.swift in Sources */,
				F0DD1BEE22DF3CA900DCD102 /* SceneDelegate.swift in Sources */,
				F0870CCD22E3384300662E44 /* NetworkService.swift in Sources */,
				F01DB58622E4996600D25DA7 /* TrackCell.swift in Sources */,
				F01B4F3B22E4F89300E6E942 /* AlbumCell.swift in Sources */,
			);
			runOnlyForDeploymentPostprocessing = 0;
		};
/* End PBXSourcesBuildPhase section */

/* Begin PBXVariantGroup section */
		F0DD1BF122DF3CA900DCD102 /* Main.storyboard */ = {
			isa = PBXVariantGroup;
			children = (
				F0DD1BF222DF3CA900DCD102 /* Base */,
			);
			name = Main.storyboard;
			sourceTree = "<group>";
		};
		F0DD1BF622DF3CAB00DCD102 /* LaunchScreen.storyboard */ = {
			isa = PBXVariantGroup;
			children = (
				F0DD1BF722DF3CAB00DCD102 /* Base */,
			);
			name = LaunchScreen.storyboard;
			sourceTree = "<group>";
		};
/* End PBXVariantGroup section */

/* Begin XCBuildConfiguration section */
		F0DD1BFA22DF3CAB00DCD102 /* Debug */ = {
			isa = XCBuildConfiguration;
			buildSettings = {
				ALWAYS_SEARCH_USER_PATHS = NO;
				CLANG_ANALYZER_NONNULL = YES;
				CLANG_ANALYZER_NUMBER_OBJECT_CONVERSION = YES_AGGRESSIVE;
				CLANG_CXX_LANGUAGE_STANDARD = "gnu++14";
				CLANG_CXX_LIBRARY = "libc++";
				CLANG_ENABLE_MODULES = YES;
				CLANG_ENABLE_OBJC_ARC = YES;
				CLANG_ENABLE_OBJC_WEAK = YES;
				CLANG_WARN_BLOCK_CAPTURE_AUTORELEASING = YES;
				CLANG_WARN_BOOL_CONVERSION = YES;
				CLANG_WARN_COMMA = YES;
				CLANG_WARN_CONSTANT_CONVERSION = YES;
				CLANG_WARN_DEPRECATED_OBJC_IMPLEMENTATIONS = YES;
				CLANG_WARN_DIRECT_OBJC_ISA_USAGE = YES_ERROR;
				CLANG_WARN_DOCUMENTATION_COMMENTS = YES;
				CLANG_WARN_EMPTY_BODY = YES;
				CLANG_WARN_ENUM_CONVERSION = YES;
				CLANG_WARN_INFINITE_RECURSION = YES;
				CLANG_WARN_INT_CONVERSION = YES;
				CLANG_WARN_NON_LITERAL_NULL_CONVERSION = YES;
				CLANG_WARN_OBJC_IMPLICIT_RETAIN_SELF = YES;
				CLANG_WARN_OBJC_LITERAL_CONVERSION = YES;
				CLANG_WARN_OBJC_ROOT_CLASS = YES_ERROR;
				CLANG_WARN_RANGE_LOOP_ANALYSIS = YES;
				CLANG_WARN_STRICT_PROTOTYPES = YES;
				CLANG_WARN_SUSPICIOUS_MOVE = YES;
				CLANG_WARN_UNGUARDED_AVAILABILITY = YES_AGGRESSIVE;
				CLANG_WARN_UNREACHABLE_CODE = YES;
				CLANG_WARN__DUPLICATE_METHOD_MATCH = YES;
				COPY_PHASE_STRIP = NO;
				DEBUG_INFORMATION_FORMAT = dwarf;
				ENABLE_STRICT_OBJC_MSGSEND = YES;
				ENABLE_TESTABILITY = YES;
				GCC_C_LANGUAGE_STANDARD = gnu11;
				GCC_DYNAMIC_NO_PIC = NO;
				GCC_NO_COMMON_BLOCKS = YES;
				GCC_OPTIMIZATION_LEVEL = 0;
				GCC_PREPROCESSOR_DEFINITIONS = (
					"DEBUG=1",
					"$(inherited)",
				);
				GCC_WARN_64_TO_32_BIT_CONVERSION = YES;
				GCC_WARN_ABOUT_RETURN_TYPE = YES_ERROR;
				GCC_WARN_UNDECLARED_SELECTOR = YES;
				GCC_WARN_UNINITIALIZED_AUTOS = YES_AGGRESSIVE;
				GCC_WARN_UNUSED_FUNCTION = YES;
				GCC_WARN_UNUSED_VARIABLE = YES;
				IPHONEOS_DEPLOYMENT_TARGET = 13.0;
				MTL_ENABLE_DEBUG_INFO = INCLUDE_SOURCE;
				MTL_FAST_MATH = YES;
				ONLY_ACTIVE_ARCH = YES;
				SDKROOT = iphoneos;
				SWIFT_ACTIVE_COMPILATION_CONDITIONS = DEBUG;
				SWIFT_OPTIMIZATION_LEVEL = "-Onone";
			};
			name = Debug;
		};
		F0DD1BFB22DF3CAB00DCD102 /* Release */ = {
			isa = XCBuildConfiguration;
			buildSettings = {
				ALWAYS_SEARCH_USER_PATHS = NO;
				CLANG_ANALYZER_NONNULL = YES;
				CLANG_ANALYZER_NUMBER_OBJECT_CONVERSION = YES_AGGRESSIVE;
				CLANG_CXX_LANGUAGE_STANDARD = "gnu++14";
				CLANG_CXX_LIBRARY = "libc++";
				CLANG_ENABLE_MODULES = YES;
				CLANG_ENABLE_OBJC_ARC = YES;
				CLANG_ENABLE_OBJC_WEAK = YES;
				CLANG_WARN_BLOCK_CAPTURE_AUTORELEASING = YES;
				CLANG_WARN_BOOL_CONVERSION = YES;
				CLANG_WARN_COMMA = YES;
				CLANG_WARN_CONSTANT_CONVERSION = YES;
				CLANG_WARN_DEPRECATED_OBJC_IMPLEMENTATIONS = YES;
				CLANG_WARN_DIRECT_OBJC_ISA_USAGE = YES_ERROR;
				CLANG_WARN_DOCUMENTATION_COMMENTS = YES;
				CLANG_WARN_EMPTY_BODY = YES;
				CLANG_WARN_ENUM_CONVERSION = YES;
				CLANG_WARN_INFINITE_RECURSION = YES;
				CLANG_WARN_INT_CONVERSION = YES;
				CLANG_WARN_NON_LITERAL_NULL_CONVERSION = YES;
				CLANG_WARN_OBJC_IMPLICIT_RETAIN_SELF = YES;
				CLANG_WARN_OBJC_LITERAL_CONVERSION = YES;
				CLANG_WARN_OBJC_ROOT_CLASS = YES_ERROR;
				CLANG_WARN_RANGE_LOOP_ANALYSIS = YES;
				CLANG_WARN_STRICT_PROTOTYPES = YES;
				CLANG_WARN_SUSPICIOUS_MOVE = YES;
				CLANG_WARN_UNGUARDED_AVAILABILITY = YES_AGGRESSIVE;
				CLANG_WARN_UNREACHABLE_CODE = YES;
				CLANG_WARN__DUPLICATE_METHOD_MATCH = YES;
				COPY_PHASE_STRIP = NO;
				DEBUG_INFORMATION_FORMAT = "dwarf-with-dsym";
				ENABLE_NS_ASSERTIONS = NO;
				ENABLE_STRICT_OBJC_MSGSEND = YES;
				GCC_C_LANGUAGE_STANDARD = gnu11;
				GCC_NO_COMMON_BLOCKS = YES;
				GCC_WARN_64_TO_32_BIT_CONVERSION = YES;
				GCC_WARN_ABOUT_RETURN_TYPE = YES_ERROR;
				GCC_WARN_UNDECLARED_SELECTOR = YES;
				GCC_WARN_UNINITIALIZED_AUTOS = YES_AGGRESSIVE;
				GCC_WARN_UNUSED_FUNCTION = YES;
				GCC_WARN_UNUSED_VARIABLE = YES;
				IPHONEOS_DEPLOYMENT_TARGET = 13.0;
				MTL_ENABLE_DEBUG_INFO = NO;
				MTL_FAST_MATH = YES;
				SDKROOT = iphoneos;
				SWIFT_COMPILATION_MODE = wholemodule;
				SWIFT_OPTIMIZATION_LEVEL = "-O";
				VALIDATE_PRODUCT = YES;
			};
			name = Release;
		};
		F0DD1BFD22DF3CAB00DCD102 /* Debug */ = {
			isa = XCBuildConfiguration;
			baseConfigurationReference = 838C0ECFCA560CA5B3432749 /* Pods-Apple Music Swiftbook.debug.xcconfig */;
			buildSettings = {
				ASSETCATALOG_COMPILER_APPICON_NAME = AppIcon;
				CODE_SIGN_STYLE = Automatic;
				DEVELOPMENT_TEAM = TSZQ4D456H;
				INFOPLIST_FILE = "Apple Music Swiftbook/Info.plist";
				LD_RUNPATH_SEARCH_PATHS = (
					"$(inherited)",
					"@executable_path/Frameworks",
				);
				PRODUCT_BUNDLE_IDENTIFIER = "com.alexeyParkhomenko.Apple-Music-Swiftbook";
				PRODUCT_NAME = "$(TARGET_NAME)";
				SWIFT_VERSION = 5.0;
				TARGETED_DEVICE_FAMILY = "1,2";
			};
			name = Debug;
		};
		F0DD1BFE22DF3CAB00DCD102 /* Release */ = {
			isa = XCBuildConfiguration;
			baseConfigurationReference = 227B93BCCACFF39DDBBBEECF /* Pods-Apple Music Swiftbook.release.xcconfig */;
			buildSettings = {
				ASSETCATALOG_COMPILER_APPICON_NAME = AppIcon;
				CODE_SIGN_STYLE = Automatic;
				DEVELOPMENT_TEAM = TSZQ4D456H;
				INFOPLIST_FILE = "Apple Music Swiftbook/Info.plist";
				LD_RUNPATH_SEARCH_PATHS = (
					"$(inherited)",
					"@executable_path/Frameworks",
				);
				PRODUCT_BUNDLE_IDENTIFIER = "com.alexeyParkhomenko.Apple-Music-Swiftbook";
				PRODUCT_NAME = "$(TARGET_NAME)";
				SWIFT_VERSION = 5.0;
				TARGETED_DEVICE_FAMILY = "1,2";
			};
			name = Release;
		};
/* End XCBuildConfiguration section */

/* Begin XCConfigurationList section */
		F0DD1BE322DF3CA900DCD102 /* Build configuration list for PBXProject "Apple Music Swiftbook" */ = {
			isa = XCConfigurationList;
			buildConfigurations = (
				F0DD1BFA22DF3CAB00DCD102 /* Debug */,
				F0DD1BFB22DF3CAB00DCD102 /* Release */,
			);
			defaultConfigurationIsVisible = 0;
			defaultConfigurationName = Release;
		};
		F0DD1BFC22DF3CAB00DCD102 /* Build configuration list for PBXNativeTarget "Apple Music Swiftbook" */ = {
			isa = XCConfigurationList;
			buildConfigurations = (
				F0DD1BFD22DF3CAB00DCD102 /* Debug */,
				F0DD1BFE22DF3CAB00DCD102 /* Release */,
			);
			defaultConfigurationIsVisible = 0;
			defaultConfigurationName = Release;
		};
/* End XCConfigurationList section */
	};
	rootObject = F0DD1BE022DF3CA900DCD102 /* Project object */;
}
